// !$*UTF8*$!
{
	archiveVersion = 1;
	classes = {
	};
	objectVersion = 46;
	objects = {

/* Begin PBXBuildFile section */
		812762AA1B3546BF00461FD3 /* BedtimeCalcViewController.swift in Sources */ = {isa = PBXBuildFile; fileRef = 812762A91B3546BF00461FD3 /* BedtimeCalcViewController.swift */; };
		8144EEA51FF491670047EF35 /* TabBarViewController.swift in Sources */ = {isa = PBXBuildFile; fileRef = 8144EEA41FF491670047EF35 /* TabBarViewController.swift */; };
		815557B2202004FA00E5CAB8 /* Images.xcassets in Resources */ = {isa = PBXBuildFile; fileRef = 815557B1202004F900E5CAB8 /* Images.xcassets */; };
		816BB827202A755100259E01 /* Info.plist in Resources */ = {isa = PBXBuildFile; fileRef = 816BB826202A755000259E01 /* Info.plist */; };
		816BB82E202A7BE100259E01 /* Interface.storyboard in Resources */ = {isa = PBXBuildFile; fileRef = 816BB82C202A7BE100259E01 /* Interface.storyboard */; };
		816BB830202A7BE100259E01 /* Assets.xcassets in Resources */ = {isa = PBXBuildFile; fileRef = 816BB82F202A7BE100259E01 /* Assets.xcassets */; };
		816BB837202A7BE100259E01 /* Sleep Tracker Extension.appex in Embed App Extensions */ = {isa = PBXBuildFile; fileRef = 816BB836202A7BE100259E01 /* Sleep Tracker Extension.appex */; settings = {ATTRIBUTES = (RemoveHeadersOnCopy, ); }; };
		816BB83C202A7BE100259E01 /* InterfaceController.swift in Sources */ = {isa = PBXBuildFile; fileRef = 816BB83B202A7BE100259E01 /* InterfaceController.swift */; };
		816BB83E202A7BE100259E01 /* ExtensionDelegate.swift in Sources */ = {isa = PBXBuildFile; fileRef = 816BB83D202A7BE100259E01 /* ExtensionDelegate.swift */; };
		816BB840202A7BE100259E01 /* NotificationController.swift in Sources */ = {isa = PBXBuildFile; fileRef = 816BB83F202A7BE100259E01 /* NotificationController.swift */; };
		816BB842202A7BE100259E01 /* Assets.xcassets in Resources */ = {isa = PBXBuildFile; fileRef = 816BB841202A7BE100259E01 /* Assets.xcassets */; };
		816BB847202A7BE100259E01 /* Sleep Tracker.app in Embed Watch Content */ = {isa = PBXBuildFile; fileRef = 816BB82A202A7BE100259E01 /* Sleep Tracker.app */; };
		816BB851202A7C5D00259E01 /* HealthKit.framework in Frameworks */ = {isa = PBXBuildFile; fileRef = 816BB850202A7C5D00259E01 /* HealthKit.framework */; };
		816BB852202A7D4200259E01 /* Helper.swift in Sources */ = {isa = PBXBuildFile; fileRef = 813257401FFDDAB2005BA1E8 /* Helper.swift */; };
		816BB853202A7D9800259E01 /* Activity.swift in Sources */ = {isa = PBXBuildFile; fileRef = 815557BC20200E9C00E5CAB8 /* Activity.swift */; };
		816BB859202A7E0800259E01 /* MotionManager.swift in Sources */ = {isa = PBXBuildFile; fileRef = 816BB858202A7E0800259E01 /* MotionManager.swift */; };
		816BB85B202A7E6400259E01 /* RunningBuffer.swift in Sources */ = {isa = PBXBuildFile; fileRef = 816BB85A202A7E6400259E01 /* RunningBuffer.swift */; };
		816BB85C202A7E6900259E01 /* TrackerManager.swift in Sources */ = {isa = PBXBuildFile; fileRef = 8132573E1FFDBA5B005BA1E8 /* TrackerManager.swift */; };
		817BD26D1B3BAFD60069BC69 /* WakeUpViewController.swift in Sources */ = {isa = PBXBuildFile; fileRef = 817BD26C1B3BAFD60069BC69 /* WakeUpViewController.swift */; };
		CC15EBED19DE1F7C00E28BB0 /* DreamUpdaterViewController.swift in Sources */ = {isa = PBXBuildFile; fileRef = CC15EBEC19DE1F7C00E28BB0 /* DreamUpdaterViewController.swift */; };
		CC2285EB19EA676000E26679 /* SetNotificationViewController.swift in Sources */ = {isa = PBXBuildFile; fileRef = CC2285EA19EA676000E26679 /* SetNotificationViewController.swift */; };
		CC8BBA8319DCBB7900C6156D /* AppDelegate.swift in Sources */ = {isa = PBXBuildFile; fileRef = CC8BBA8219DCBB7900C6156D /* AppDelegate.swift */; };
		CC8BBA8619DCBB7900C6156D /* DreamNotes.xcdatamodeld in Sources */ = {isa = PBXBuildFile; fileRef = CC8BBA8419DCBB7900C6156D /* DreamNotes.xcdatamodeld */; };
		CC8BBA8B19DCBB7900C6156D /* Main.storyboard in Resources */ = {isa = PBXBuildFile; fileRef = CC8BBA8919DCBB7900C6156D /* Main.storyboard */; };
		CC8BBAA619DCBBC900C6156D /* ListaPrincipalTableViewController.swift in Sources */ = {isa = PBXBuildFile; fileRef = CC8BBAA519DCBBC900C6156D /* ListaPrincipalTableViewController.swift */; };
		CC8BBAA819DCBE2B00C6156D /* DreamEditorViewController.swift in Sources */ = {isa = PBXBuildFile; fileRef = CC8BBAA719DCBE2B00C6156D /* DreamEditorViewController.swift */; };
		CC8BBAAA19DCC4EC00C6156D /* Dreams.swift in Sources */ = {isa = PBXBuildFile; fileRef = CC8BBAA919DCC4EC00C6156D /* Dreams.swift */; };
		CCC0D11E1A12E9F500C36D8E /* ShareVC.swift in Sources */ = {isa = PBXBuildFile; fileRef = CCC0D11D1A12E9F500C36D8E /* ShareVC.swift */; };
		CCC4AC191A0AF52D00146537 /* Localizable.strings in Resources */ = {isa = PBXBuildFile; fileRef = CCC4AC1B1A0AF52D00146537 /* Localizable.strings */; };
		CCD222D419E0B8EF0003047B /* CustomCell.swift in Sources */ = {isa = PBXBuildFile; fileRef = CCD222D319E0B8EF0003047B /* CustomCell.swift */; };
/* End PBXBuildFile section */

/* Begin PBXContainerItemProxy section */
		816BB838202A7BE100259E01 /* PBXContainerItemProxy */ = {
			isa = PBXContainerItemProxy;
			containerPortal = CC8BBA7519DCBB7900C6156D /* Project object */;
			proxyType = 1;
			remoteGlobalIDString = 816BB835202A7BE100259E01;
			remoteInfo = "Sleep Tracker Extension";
		};
		816BB845202A7BE100259E01 /* PBXContainerItemProxy */ = {
			isa = PBXContainerItemProxy;
			containerPortal = CC8BBA7519DCBB7900C6156D /* Project object */;
			proxyType = 1;
			remoteGlobalIDString = 816BB829202A7BE100259E01;
			remoteInfo = "Sleep Tracker";
		};
/* End PBXContainerItemProxy section */

/* Begin PBXCopyFilesBuildPhase section */
		813257361FFDB786005BA1E8 /* Embed Watch Content */ = {
			isa = PBXCopyFilesBuildPhase;
			buildActionMask = 2147483647;
			dstPath = "$(CONTENTS_FOLDER_PATH)/Watch";
			dstSubfolderSpec = 16;
			files = (
				816BB847202A7BE100259E01 /* Sleep Tracker.app in Embed Watch Content */,
			);
			name = "Embed Watch Content";
			runOnlyForDeploymentPostprocessing = 0;
		};
		816BB84B202A7BE100259E01 /* Embed App Extensions */ = {
			isa = PBXCopyFilesBuildPhase;
			buildActionMask = 2147483647;
			dstPath = "";
			dstSubfolderSpec = 13;
			files = (
				816BB837202A7BE100259E01 /* Sleep Tracker Extension.appex in Embed App Extensions */,
			);
			name = "Embed App Extensions";
			runOnlyForDeploymentPostprocessing = 0;
		};
/* End PBXCopyFilesBuildPhase section */

/* Begin PBXFileReference section */
		812762A91B3546BF00461FD3 /* BedtimeCalcViewController.swift */ = {isa = PBXFileReference; fileEncoding = 4; lastKnownFileType = sourcecode.swift; path = BedtimeCalcViewController.swift; sourceTree = "<group>"; };
		8132573E1FFDBA5B005BA1E8 /* TrackerManager.swift */ = {isa = PBXFileReference; fileEncoding = 4; lastKnownFileType = sourcecode.swift; path = TrackerManager.swift; sourceTree = "<group>"; };
		813257401FFDDAB2005BA1E8 /* Helper.swift */ = {isa = PBXFileReference; lastKnownFileType = sourcecode.swift; path = Helper.swift; sourceTree = "<group>"; };
		8133E77F1B44FC4E00BE82D9 /* pt-BR */ = {isa = PBXFileReference; lastKnownFileType = text.plist.strings; name = "pt-BR"; path = "pt-BR.lproj/Main.strings"; sourceTree = "<group>"; };
		8133E7811B46364200BE82D9 /* pt */ = {isa = PBXFileReference; lastKnownFileType = text.plist.strings; name = pt; path = pt.lproj/Main.strings; sourceTree = "<group>"; };
		8144EEA41FF491670047EF35 /* TabBarViewController.swift */ = {isa = PBXFileReference; lastKnownFileType = sourcecode.swift; path = TabBarViewController.swift; sourceTree = "<group>"; };
		815557B1202004F900E5CAB8 /* Images.xcassets */ = {isa = PBXFileReference; lastKnownFileType = folder.assetcatalog; path = Images.xcassets; sourceTree = "<group>"; };
		815557BC20200E9C00E5CAB8 /* Activity.swift */ = {isa = PBXFileReference; fileEncoding = 4; lastKnownFileType = sourcecode.swift; path = Activity.swift; sourceTree = "<group>"; };
		816BB8212029236C00259E01 /* SleepTrackerExtension.entitlements */ = {isa = PBXFileReference; lastKnownFileType = text.plist.entitlements; path = SleepTrackerExtension.entitlements; sourceTree = "<group>"; };
		816BB826202A755000259E01 /* Info.plist */ = {isa = PBXFileReference; fileEncoding = 4; lastKnownFileType = text.plist.xml; path = Info.plist; sourceTree = "<group>"; };
		816BB82A202A7BE100259E01 /* Sleep Tracker.app */ = {isa = PBXFileReference; explicitFileType = wrapper.application; includeInIndex = 0; path = "Sleep Tracker.app"; sourceTree = BUILT_PRODUCTS_DIR; };
		816BB82D202A7BE100259E01 /* Base */ = {isa = PBXFileReference; lastKnownFileType = file.storyboard; name = Base; path = Base.lproj/Interface.storyboard; sourceTree = "<group>"; };
		816BB82F202A7BE100259E01 /* Assets.xcassets */ = {isa = PBXFileReference; lastKnownFileType = folder.assetcatalog; path = Assets.xcassets; sourceTree = "<group>"; };
		816BB831202A7BE100259E01 /* Info.plist */ = {isa = PBXFileReference; lastKnownFileType = text.plist.xml; path = Info.plist; sourceTree = "<group>"; };
		816BB836202A7BE100259E01 /* Sleep Tracker Extension.appex */ = {isa = PBXFileReference; explicitFileType = "wrapper.app-extension"; includeInIndex = 0; path = "Sleep Tracker Extension.appex"; sourceTree = BUILT_PRODUCTS_DIR; };
		816BB83B202A7BE100259E01 /* InterfaceController.swift */ = {isa = PBXFileReference; lastKnownFileType = sourcecode.swift; path = InterfaceController.swift; sourceTree = "<group>"; };
		816BB83D202A7BE100259E01 /* ExtensionDelegate.swift */ = {isa = PBXFileReference; lastKnownFileType = sourcecode.swift; path = ExtensionDelegate.swift; sourceTree = "<group>"; };
		816BB83F202A7BE100259E01 /* NotificationController.swift */ = {isa = PBXFileReference; lastKnownFileType = sourcecode.swift; path = NotificationController.swift; sourceTree = "<group>"; };
		816BB841202A7BE100259E01 /* Assets.xcassets */ = {isa = PBXFileReference; lastKnownFileType = folder.assetcatalog; path = Assets.xcassets; sourceTree = "<group>"; };
		816BB843202A7BE100259E01 /* Info.plist */ = {isa = PBXFileReference; lastKnownFileType = text.plist.xml; path = Info.plist; sourceTree = "<group>"; };
		816BB844202A7BE100259E01 /* PushNotificationPayload.apns */ = {isa = PBXFileReference; lastKnownFileType = text; path = PushNotificationPayload.apns; sourceTree = "<group>"; };
		816BB84F202A7C5D00259E01 /* DreamNotes.entitlements */ = {isa = PBXFileReference; lastKnownFileType = text.plist.entitlements; path = DreamNotes.entitlements; sourceTree = "<group>"; };
		816BB850202A7C5D00259E01 /* HealthKit.framework */ = {isa = PBXFileReference; lastKnownFileType = wrapper.framework; name = HealthKit.framework; path = System/Library/Frameworks/HealthKit.framework; sourceTree = SDKROOT; };
		816BB858202A7E0800259E01 /* MotionManager.swift */ = {isa = PBXFileReference; fileEncoding = 4; lastKnownFileType = sourcecode.swift; name = MotionManager.swift; path = ../../../.Trash/MotionManager.swift; sourceTree = "<group>"; };
		816BB85A202A7E6400259E01 /* RunningBuffer.swift */ = {isa = PBXFileReference; lastKnownFileType = sourcecode.swift; name = RunningBuffer.swift; path = "../../../Desktop/SwingWatchUsingDeviceMotionontheWatch/SwingWatch WatchKit Extension/RunningBuffer.swift"; sourceTree = "<group>"; };
		817BD26C1B3BAFD60069BC69 /* WakeUpViewController.swift */ = {isa = PBXFileReference; fileEncoding = 4; lastKnownFileType = sourcecode.swift; path = WakeUpViewController.swift; sourceTree = "<group>"; };
		81FD61211B4198D20085E1B2 /* de */ = {isa = PBXFileReference; lastKnownFileType = text.plist.strings; name = de; path = de.lproj/Main.strings; sourceTree = "<group>"; };
		81FD61231B421EFC0085E1B2 /* fr */ = {isa = PBXFileReference; lastKnownFileType = text.plist.strings; name = fr; path = fr.lproj/Main.strings; sourceTree = "<group>"; };
		81FD61251B4241110085E1B2 /* es */ = {isa = PBXFileReference; lastKnownFileType = text.plist.strings; name = es; path = es.lproj/Main.strings; sourceTree = "<group>"; };
		CC05E6411AAD1440006FE948 /* es */ = {isa = PBXFileReference; lastKnownFileType = text.plist.strings; name = es; path = es.lproj/Localizable.strings; sourceTree = "<group>"; };
		CC05E6431AAD1FAE006FE948 /* fr */ = {isa = PBXFileReference; lastKnownFileType = text.plist.strings; name = fr; path = fr.lproj/Localizable.strings; sourceTree = "<group>"; };
		CC15EBEC19DE1F7C00E28BB0 /* DreamUpdaterViewController.swift */ = {isa = PBXFileReference; fileEncoding = 4; lastKnownFileType = sourcecode.swift; path = DreamUpdaterViewController.swift; sourceTree = "<group>"; };
		CC2285EA19EA676000E26679 /* SetNotificationViewController.swift */ = {isa = PBXFileReference; fileEncoding = 4; lastKnownFileType = sourcecode.swift; path = SetNotificationViewController.swift; sourceTree = "<group>"; };
		CC5D57A31A0C70F80044954C /* pt-BR */ = {isa = PBXFileReference; lastKnownFileType = text.plist.strings; name = "pt-BR"; path = "pt-BR.lproj/Localizable.strings"; sourceTree = "<group>"; };
		CC8BBA7D19DCBB7900C6156D /* DreamNotes.app */ = {isa = PBXFileReference; explicitFileType = wrapper.application; includeInIndex = 0; path = DreamNotes.app; sourceTree = BUILT_PRODUCTS_DIR; };
		CC8BBA8119DCBB7900C6156D /* Info.plist */ = {isa = PBXFileReference; lastKnownFileType = text.plist.xml; path = Info.plist; sourceTree = "<group>"; };
		CC8BBA8219DCBB7900C6156D /* AppDelegate.swift */ = {isa = PBXFileReference; lastKnownFileType = sourcecode.swift; path = AppDelegate.swift; sourceTree = "<group>"; };
		CC8BBA8519DCBB7900C6156D /* DreamNotes.xcdatamodel */ = {isa = PBXFileReference; lastKnownFileType = wrapper.xcdatamodel; path = DreamNotes.xcdatamodel; sourceTree = "<group>"; };
		CC8BBA8A19DCBB7900C6156D /* Base */ = {isa = PBXFileReference; lastKnownFileType = file.storyboard; name = Base; path = Base.lproj/Main.storyboard; sourceTree = "<group>"; };
		CC8BBAA519DCBBC900C6156D /* ListaPrincipalTableViewController.swift */ = {isa = PBXFileReference; fileEncoding = 4; lastKnownFileType = sourcecode.swift; path = ListaPrincipalTableViewController.swift; sourceTree = "<group>"; };
		CC8BBAA719DCBE2B00C6156D /* DreamEditorViewController.swift */ = {isa = PBXFileReference; fileEncoding = 4; lastKnownFileType = sourcecode.swift; path = DreamEditorViewController.swift; sourceTree = "<group>"; };
		CC8BBAA919DCC4EC00C6156D /* Dreams.swift */ = {isa = PBXFileReference; fileEncoding = 4; lastKnownFileType = sourcecode.swift; path = Dreams.swift; sourceTree = "<group>"; };
		CC9097591A412787000CA7FA /* pt */ = {isa = PBXFileReference; lastKnownFileType = text.plist.strings; name = pt; path = pt.lproj/Localizable.strings; sourceTree = "<group>"; };
		CCBBBAD91ABFADC100D09CDF /* de */ = {isa = PBXFileReference; lastKnownFileType = text.plist.strings; name = de; path = de.lproj/Localizable.strings; sourceTree = "<group>"; };
		CCC0D11D1A12E9F500C36D8E /* ShareVC.swift */ = {isa = PBXFileReference; fileEncoding = 4; lastKnownFileType = sourcecode.swift; path = ShareVC.swift; sourceTree = "<group>"; };
		CCC4AC1A1A0AF52D00146537 /* Base */ = {isa = PBXFileReference; lastKnownFileType = text.plist.strings; name = Base; path = Base.lproj/Localizable.strings; sourceTree = "<group>"; };
		CCD222D319E0B8EF0003047B /* CustomCell.swift */ = {isa = PBXFileReference; fileEncoding = 4; lastKnownFileType = sourcecode.swift; path = CustomCell.swift; sourceTree = "<group>"; };
/* End PBXFileReference section */

/* Begin PBXFrameworksBuildPhase section */
		816BB833202A7BE100259E01 /* Frameworks */ = {
			isa = PBXFrameworksBuildPhase;
			buildActionMask = 2147483647;
			files = (
			);
			runOnlyForDeploymentPostprocessing = 0;
		};
		CC8BBA7A19DCBB7900C6156D /* Frameworks */ = {
			isa = PBXFrameworksBuildPhase;
			buildActionMask = 2147483647;
			files = (
				816BB851202A7C5D00259E01 /* HealthKit.framework in Frameworks */,
			);
			runOnlyForDeploymentPostprocessing = 0;
		};
/* End PBXFrameworksBuildPhase section */

/* Begin PBXGroup section */
		816BB8222029236C00259E01 /* Frameworks */ = {
			isa = PBXGroup;
			children = (
				816BB850202A7C5D00259E01 /* HealthKit.framework */,
			);
			name = Frameworks;
			sourceTree = "<group>";
		};
		816BB82B202A7BE100259E01 /* Sleep Tracker */ = {
			isa = PBXGroup;
			children = (
				816BB82C202A7BE100259E01 /* Interface.storyboard */,
				816BB82F202A7BE100259E01 /* Assets.xcassets */,
				816BB831202A7BE100259E01 /* Info.plist */,
			);
			path = "Sleep Tracker";
			sourceTree = "<group>";
		};
		816BB83A202A7BE100259E01 /* Sleep Tracker Extension */ = {
			isa = PBXGroup;
			children = (
				815557BC20200E9C00E5CAB8 /* Activity.swift */,
				816BB858202A7E0800259E01 /* MotionManager.swift */,
				816BB8212029236C00259E01 /* SleepTrackerExtension.entitlements */,
				816BB83B202A7BE100259E01 /* InterfaceController.swift */,
				816BB83D202A7BE100259E01 /* ExtensionDelegate.swift */,
				816BB83F202A7BE100259E01 /* NotificationController.swift */,
				816BB85A202A7E6400259E01 /* RunningBuffer.swift */,
				813257401FFDDAB2005BA1E8 /* Helper.swift */,
				8132573E1FFDBA5B005BA1E8 /* TrackerManager.swift */,
				816BB841202A7BE100259E01 /* Assets.xcassets */,
				816BB843202A7BE100259E01 /* Info.plist */,
				816BB844202A7BE100259E01 /* PushNotificationPayload.apns */,
			);
			path = "Sleep Tracker Extension";
			sourceTree = "<group>";
		};
		CC8BBA7419DCBB7900C6156D = {
			isa = PBXGroup;
			children = (
				CC8BBA7F19DCBB7900C6156D /* DreamNotes */,
				816BB8222029236C00259E01 /* Frameworks */,
				CC8BBA7E19DCBB7900C6156D /* Products */,
				816BB82B202A7BE100259E01 /* Sleep Tracker */,
				816BB83A202A7BE100259E01 /* Sleep Tracker Extension */,
			);
			sourceTree = "<group>";
		};
		CC8BBA7E19DCBB7900C6156D /* Products */ = {
			isa = PBXGroup;
			children = (
				CC8BBA7D19DCBB7900C6156D /* DreamNotes.app */,
				816BB82A202A7BE100259E01 /* Sleep Tracker.app */,
				816BB836202A7BE100259E01 /* Sleep Tracker Extension.appex */,
			);
			name = Products;
			sourceTree = "<group>";
		};
		CC8BBA7F19DCBB7900C6156D /* DreamNotes */ = {
			isa = PBXGroup;
			children = (
				816BB84F202A7C5D00259E01 /* DreamNotes.entitlements */,
				816BB826202A755000259E01 /* Info.plist */,
				CC8BBA8219DCBB7900C6156D /* AppDelegate.swift */,
				812762A91B3546BF00461FD3 /* BedtimeCalcViewController.swift */,
				CCD222D319E0B8EF0003047B /* CustomCell.swift */,
				CC8BBAA719DCBE2B00C6156D /* DreamEditorViewController.swift */,
				CC8BBAA919DCC4EC00C6156D /* Dreams.swift */,
				CC15EBEC19DE1F7C00E28BB0 /* DreamUpdaterViewController.swift */,
				CC8BBAA519DCBBC900C6156D /* ListaPrincipalTableViewController.swift */,
				CC2285EA19EA676000E26679 /* SetNotificationViewController.swift */,
				CCC0D11D1A12E9F500C36D8E /* ShareVC.swift */,
				8144EEA41FF491670047EF35 /* TabBarViewController.swift */,
				817BD26C1B3BAFD60069BC69 /* WakeUpViewController.swift */,
				815557B1202004F900E5CAB8 /* Images.xcassets */,
				CC8BBA8419DCBB7900C6156D /* DreamNotes.xcdatamodeld */,
				CCC4AC1B1A0AF52D00146537 /* Localizable.strings */,
				CC8BBA8919DCBB7900C6156D /* Main.storyboard */,
				CC8BBA8019DCBB7900C6156D /* Supporting Files */,
			);
			path = DreamNotes;
			sourceTree = "<group>";
		};
		CC8BBA8019DCBB7900C6156D /* Supporting Files */ = {
			isa = PBXGroup;
			children = (
				CC8BBA8119DCBB7900C6156D /* Info.plist */,
			);
			name = "Supporting Files";
			sourceTree = "<group>";
		};
/* End PBXGroup section */

/* Begin PBXNativeTarget section */
		816BB829202A7BE100259E01 /* Sleep Tracker */ = {
			isa = PBXNativeTarget;
			buildConfigurationList = 816BB84C202A7BE100259E01 /* Build configuration list for PBXNativeTarget "Sleep Tracker" */;
			buildPhases = (
				816BB828202A7BE100259E01 /* Resources */,
				816BB84B202A7BE100259E01 /* Embed App Extensions */,
			);
			buildRules = (
			);
			dependencies = (
				816BB839202A7BE100259E01 /* PBXTargetDependency */,
			);
			name = "Sleep Tracker";
			productName = "Sleep Tracker";
			productReference = 816BB82A202A7BE100259E01 /* Sleep Tracker.app */;
			productType = "com.apple.product-type.application.watchapp2";
		};
		816BB835202A7BE100259E01 /* Sleep Tracker Extension */ = {
			isa = PBXNativeTarget;
			buildConfigurationList = 816BB848202A7BE100259E01 /* Build configuration list for PBXNativeTarget "Sleep Tracker Extension" */;
			buildPhases = (
				816BB832202A7BE100259E01 /* Sources */,
				816BB833202A7BE100259E01 /* Frameworks */,
				816BB834202A7BE100259E01 /* Resources */,
			);
			buildRules = (
			);
			dependencies = (
			);
			name = "Sleep Tracker Extension";
			productName = "Sleep Tracker Extension";
			productReference = 816BB836202A7BE100259E01 /* Sleep Tracker Extension.appex */;
			productType = "com.apple.product-type.watchkit2-extension";
		};
		CC8BBA7C19DCBB7900C6156D /* DreamNotes */ = {
			isa = PBXNativeTarget;
			buildConfigurationList = CC8BBA9F19DCBB7900C6156D /* Build configuration list for PBXNativeTarget "DreamNotes" */;
			buildPhases = (
				CC8BBA7919DCBB7900C6156D /* Sources */,
				CC8BBA7A19DCBB7900C6156D /* Frameworks */,
				CC8BBA7B19DCBB7900C6156D /* Resources */,
				813257361FFDB786005BA1E8 /* Embed Watch Content */,
			);
			buildRules = (
			);
			dependencies = (
				816BB846202A7BE100259E01 /* PBXTargetDependency */,
			);
			name = DreamNotes;
			productName = DreamNotes;
			productReference = CC8BBA7D19DCBB7900C6156D /* DreamNotes.app */;
			productType = "com.apple.product-type.application";
		};
/* End PBXNativeTarget section */

/* Begin PBXProject section */
		CC8BBA7519DCBB7900C6156D /* Project object */ = {
			isa = PBXProject;
			attributes = {
				LastSwiftMigration = 0710;
				LastSwiftUpdateCheck = 0920;
				LastUpgradeCheck = 0920;
				ORGANIZATIONNAME = "Baza Inc";
				TargetAttributes = {
					816BB829202A7BE100259E01 = {
						CreatedOnToolsVersion = 9.2;
						DevelopmentTeam = U3R74ZQVJS;
						ProvisioningStyle = Automatic;
					};
					816BB835202A7BE100259E01 = {
						CreatedOnToolsVersion = 9.2;
						DevelopmentTeam = U3R74ZQVJS;
						ProvisioningStyle = Automatic;
						SystemCapabilities = {
							com.apple.BackgroundModes.watchos.extension = {
								enabled = 1;
							};
						};
					};
					CC8BBA7C19DCBB7900C6156D = {
						CreatedOnToolsVersion = 6.0.1;
						DevelopmentTeam = U3R74ZQVJS;
						LastSwiftMigration = 0830;
						SystemCapabilities = {
							com.apple.HealthKit = {
								enabled = 1;
							};
						};
					};
				};
			};
			buildConfigurationList = CC8BBA7819DCBB7900C6156D /* Build configuration list for PBXProject "DreamNotes" */;
			compatibilityVersion = "Xcode 3.2";
			developmentRegion = English;
			hasScannedForEncodings = 0;
			knownRegions = (
				en,
				Base,
				"pt-BR",
				pt,
				es,
				fr,
				de,
			);
			mainGroup = CC8BBA7419DCBB7900C6156D;
			productRefGroup = CC8BBA7E19DCBB7900C6156D /* Products */;
			projectDirPath = "";
			projectRoot = "";
			targets = (
				CC8BBA7C19DCBB7900C6156D /* DreamNotes */,
				816BB829202A7BE100259E01 /* Sleep Tracker */,
				816BB835202A7BE100259E01 /* Sleep Tracker Extension */,
			);
		};
/* End PBXProject section */

/* Begin PBXResourcesBuildPhase section */
		816BB828202A7BE100259E01 /* Resources */ = {
			isa = PBXResourcesBuildPhase;
			buildActionMask = 2147483647;
			files = (
				816BB830202A7BE100259E01 /* Assets.xcassets in Resources */,
				816BB82E202A7BE100259E01 /* Interface.storyboard in Resources */,
			);
			runOnlyForDeploymentPostprocessing = 0;
		};
		816BB834202A7BE100259E01 /* Resources */ = {
			isa = PBXResourcesBuildPhase;
			buildActionMask = 2147483647;
			files = (
				816BB842202A7BE100259E01 /* Assets.xcassets in Resources */,
			);
			runOnlyForDeploymentPostprocessing = 0;
		};
		CC8BBA7B19DCBB7900C6156D /* Resources */ = {
			isa = PBXResourcesBuildPhase;
			buildActionMask = 2147483647;
			files = (
				815557B2202004FA00E5CAB8 /* Images.xcassets in Resources */,
				CCC4AC191A0AF52D00146537 /* Localizable.strings in Resources */,
				816BB827202A755100259E01 /* Info.plist in Resources */,
				CC8BBA8B19DCBB7900C6156D /* Main.storyboard in Resources */,
			);
			runOnlyForDeploymentPostprocessing = 0;
		};
/* End PBXResourcesBuildPhase section */

/* Begin PBXSourcesBuildPhase section */
		816BB832202A7BE100259E01 /* Sources */ = {
			isa = PBXSourcesBuildPhase;
			buildActionMask = 2147483647;
			files = (
				816BB853202A7D9800259E01 /* Activity.swift in Sources */,
				816BB859202A7E0800259E01 /* MotionManager.swift in Sources */,
				816BB840202A7BE100259E01 /* NotificationController.swift in Sources */,
				816BB83E202A7BE100259E01 /* ExtensionDelegate.swift in Sources */,
				816BB83C202A7BE100259E01 /* InterfaceController.swift in Sources */,
				816BB85B202A7E6400259E01 /* RunningBuffer.swift in Sources */,
				816BB85C202A7E6900259E01 /* TrackerManager.swift in Sources */,
				816BB852202A7D4200259E01 /* Helper.swift in Sources */,
			);
			runOnlyForDeploymentPostprocessing = 0;
		};
		CC8BBA7919DCBB7900C6156D /* Sources */ = {
			isa = PBXSourcesBuildPhase;
			buildActionMask = 2147483647;
			files = (
				CC2285EB19EA676000E26679 /* SetNotificationViewController.swift in Sources */,
				CC8BBA8319DCBB7900C6156D /* AppDelegate.swift in Sources */,
				CC8BBAA819DCBE2B00C6156D /* DreamEditorViewController.swift in Sources */,
				CC15EBED19DE1F7C00E28BB0 /* DreamUpdaterViewController.swift in Sources */,
				8144EEA51FF491670047EF35 /* TabBarViewController.swift in Sources */,
				817BD26D1B3BAFD60069BC69 /* WakeUpViewController.swift in Sources */,
				CCC0D11E1A12E9F500C36D8E /* ShareVC.swift in Sources */,
				CC8BBA8619DCBB7900C6156D /* DreamNotes.xcdatamodeld in Sources */,
				CC8BBAA619DCBBC900C6156D /* ListaPrincipalTableViewController.swift in Sources */,
				CCD222D419E0B8EF0003047B /* CustomCell.swift in Sources */,
				CC8BBAAA19DCC4EC00C6156D /* Dreams.swift in Sources */,
				812762AA1B3546BF00461FD3 /* BedtimeCalcViewController.swift in Sources */,
			);
			runOnlyForDeploymentPostprocessing = 0;
		};
/* End PBXSourcesBuildPhase section */

/* Begin PBXTargetDependency section */
		816BB839202A7BE100259E01 /* PBXTargetDependency */ = {
			isa = PBXTargetDependency;
			target = 816BB835202A7BE100259E01 /* Sleep Tracker Extension */;
			targetProxy = 816BB838202A7BE100259E01 /* PBXContainerItemProxy */;
		};
		816BB846202A7BE100259E01 /* PBXTargetDependency */ = {
			isa = PBXTargetDependency;
			target = 816BB829202A7BE100259E01 /* Sleep Tracker */;
			targetProxy = 816BB845202A7BE100259E01 /* PBXContainerItemProxy */;
		};
/* End PBXTargetDependency section */

/* Begin PBXVariantGroup section */
		816BB82C202A7BE100259E01 /* Interface.storyboard */ = {
			isa = PBXVariantGroup;
			children = (
				816BB82D202A7BE100259E01 /* Base */,
			);
			name = Interface.storyboard;
			sourceTree = "<group>";
		};
		CC8BBA8919DCBB7900C6156D /* Main.storyboard */ = {
			isa = PBXVariantGroup;
			children = (
				CC8BBA8A19DCBB7900C6156D /* Base */,
				81FD61211B4198D20085E1B2 /* de */,
				81FD61231B421EFC0085E1B2 /* fr */,
				81FD61251B4241110085E1B2 /* es */,
				8133E77F1B44FC4E00BE82D9 /* pt-BR */,
				8133E7811B46364200BE82D9 /* pt */,
			);
			name = Main.storyboard;
			sourceTree = "<group>";
		};
		CCC4AC1B1A0AF52D00146537 /* Localizable.strings */ = {
			isa = PBXVariantGroup;
			children = (
				CCC4AC1A1A0AF52D00146537 /* Base */,
				CC5D57A31A0C70F80044954C /* pt-BR */,
				CC9097591A412787000CA7FA /* pt */,
				CC05E6411AAD1440006FE948 /* es */,
				CC05E6431AAD1FAE006FE948 /* fr */,
				CCBBBAD91ABFADC100D09CDF /* de */,
			);
			name = Localizable.strings;
			sourceTree = "<group>";
		};
/* End PBXVariantGroup section */

/* Begin XCBuildConfiguration section */
		816BB849202A7BE100259E01 /* Debug */ = {
			isa = XCBuildConfiguration;
			buildSettings = {
				ASSETCATALOG_COMPILER_COMPLICATION_NAME = Complication;
				CLANG_ANALYZER_NONNULL = YES;
				CLANG_ANALYZER_NUMBER_OBJECT_CONVERSION = YES_AGGRESSIVE;
				CLANG_CXX_LANGUAGE_STANDARD = "gnu++14";
				CLANG_WARN_DOCUMENTATION_COMMENTS = YES;
				CLANG_WARN_UNGUARDED_AVAILABILITY = YES_AGGRESSIVE;
				CODE_SIGN_STYLE = Automatic;
				DEBUG_INFORMATION_FORMAT = dwarf;
				DEVELOPMENT_TEAM = U3R74ZQVJS;
				GCC_C_LANGUAGE_STANDARD = gnu11;
				INFOPLIST_FILE = "Sleep Tracker Extension/Info.plist";
				LD_RUNPATH_SEARCH_PATHS = "$(inherited) @executable_path/Frameworks @executable_path/../../Frameworks";
				PRODUCT_BUNDLE_IDENTIFIER = br.com.BazaInc.DreamNotes.watchkitapp.watchkitextension;
				PRODUCT_NAME = "${TARGET_NAME}";
				SDKROOT = watchos;
				SKIP_INSTALL = YES;
				SWIFT_ACTIVE_COMPILATION_CONDITIONS = DEBUG;
				SWIFT_VERSION = 4.0;
				TARGETED_DEVICE_FAMILY = 4;
				WATCHOS_DEPLOYMENT_TARGET = 4.2;
			};
			name = Debug;
		};
		816BB84A202A7BE100259E01 /* Release */ = {
			isa = XCBuildConfiguration;
			buildSettings = {
				ASSETCATALOG_COMPILER_COMPLICATION_NAME = Complication;
				CLANG_ANALYZER_NONNULL = YES;
				CLANG_ANALYZER_NUMBER_OBJECT_CONVERSION = YES_AGGRESSIVE;
				CLANG_CXX_LANGUAGE_STANDARD = "gnu++14";
				CLANG_WARN_DOCUMENTATION_COMMENTS = YES;
				CLANG_WARN_UNGUARDED_AVAILABILITY = YES_AGGRESSIVE;
				CODE_SIGN_STYLE = Automatic;
				COPY_PHASE_STRIP = NO;
				DEBUG_INFORMATION_FORMAT = "dwarf-with-dsym";
				DEVELOPMENT_TEAM = U3R74ZQVJS;
				GCC_C_LANGUAGE_STANDARD = gnu11;
				INFOPLIST_FILE = "Sleep Tracker Extension/Info.plist";
				LD_RUNPATH_SEARCH_PATHS = "$(inherited) @executable_path/Frameworks @executable_path/../../Frameworks";
				PRODUCT_BUNDLE_IDENTIFIER = br.com.BazaInc.DreamNotes.watchkitapp.watchkitextension;
				PRODUCT_NAME = "${TARGET_NAME}";
				SDKROOT = watchos;
				SKIP_INSTALL = YES;
				SWIFT_VERSION = 4.0;
				TARGETED_DEVICE_FAMILY = 4;
				WATCHOS_DEPLOYMENT_TARGET = 4.2;
			};
			name = Release;
		};
		816BB84D202A7BE100259E01 /* Debug */ = {
			isa = XCBuildConfiguration;
			buildSettings = {
				ALWAYS_EMBED_SWIFT_STANDARD_LIBRARIES = YES;
				ASSETCATALOG_COMPILER_APPICON_NAME = WatchAppIcon;
				CLANG_ANALYZER_NONNULL = YES;
				CLANG_ANALYZER_NUMBER_OBJECT_CONVERSION = YES_AGGRESSIVE;
				CLANG_CXX_LANGUAGE_STANDARD = "gnu++14";
				CLANG_WARN_DOCUMENTATION_COMMENTS = YES;
				CLANG_WARN_UNGUARDED_AVAILABILITY = YES_AGGRESSIVE;
				CODE_SIGN_IDENTITY = "iPhone Developer";
				"CODE_SIGN_IDENTITY[sdk=iphoneos*]" = "iPhone Developer";
				CODE_SIGN_STYLE = Automatic;
				DEBUG_INFORMATION_FORMAT = dwarf;
				DEVELOPMENT_TEAM = U3R74ZQVJS;
				GCC_C_LANGUAGE_STANDARD = gnu11;
				IBSC_MODULE = Sleep_Tracker_Extension;
				INFOPLIST_FILE = "Sleep Tracker/Info.plist";
				PRODUCT_BUNDLE_IDENTIFIER = br.com.BazaInc.DreamNotes.watchkitapp;
				PRODUCT_NAME = "$(TARGET_NAME)";
				SDKROOT = watchos;
				SKIP_INSTALL = YES;
				SWIFT_ACTIVE_COMPILATION_CONDITIONS = DEBUG;
				SWIFT_VERSION = 4.0;
				TARGETED_DEVICE_FAMILY = 4;
				WATCHOS_DEPLOYMENT_TARGET = 4.2;
			};
			name = Debug;
		};
		816BB84E202A7BE100259E01 /* Release */ = {
			isa = XCBuildConfiguration;
			buildSettings = {
				ALWAYS_EMBED_SWIFT_STANDARD_LIBRARIES = YES;
				ASSETCATALOG_COMPILER_APPICON_NAME = WatchAppIcon;
				CLANG_ANALYZER_NONNULL = YES;
				CLANG_ANALYZER_NUMBER_OBJECT_CONVERSION = YES_AGGRESSIVE;
				CLANG_CXX_LANGUAGE_STANDARD = "gnu++14";
				CLANG_WARN_DOCUMENTATION_COMMENTS = YES;
				CLANG_WARN_UNGUARDED_AVAILABILITY = YES_AGGRESSIVE;
				CODE_SIGN_IDENTITY = "iPhone Developer";
				"CODE_SIGN_IDENTITY[sdk=iphoneos*]" = "iPhone Developer";
				CODE_SIGN_STYLE = Automatic;
				COPY_PHASE_STRIP = NO;
				DEBUG_INFORMATION_FORMAT = "dwarf-with-dsym";
				DEVELOPMENT_TEAM = U3R74ZQVJS;
				GCC_C_LANGUAGE_STANDARD = gnu11;
				IBSC_MODULE = Sleep_Tracker_Extension;
				INFOPLIST_FILE = "Sleep Tracker/Info.plist";
				PRODUCT_BUNDLE_IDENTIFIER = br.com.BazaInc.DreamNotes.watchkitapp;
				PRODUCT_NAME = "$(TARGET_NAME)";
				SDKROOT = watchos;
				SKIP_INSTALL = YES;
				SWIFT_VERSION = 4.0;
				TARGETED_DEVICE_FAMILY = 4;
				WATCHOS_DEPLOYMENT_TARGET = 4.2;
			};
			name = Release;
		};
		CC8BBA9D19DCBB7900C6156D /* Debug */ = {
			isa = XCBuildConfiguration;
			buildSettings = {
				ALWAYS_SEARCH_USER_PATHS = NO;
				CLANG_ANALYZER_LOCALIZABILITY_NONLOCALIZED = YES;
				CLANG_CXX_LANGUAGE_STANDARD = "gnu++0x";
				CLANG_CXX_LIBRARY = "libc++";
				CLANG_ENABLE_MODULES = YES;
				CLANG_ENABLE_OBJC_ARC = YES;
				CLANG_WARN_BLOCK_CAPTURE_AUTORELEASING = YES;
				CLANG_WARN_BOOL_CONVERSION = YES;
				CLANG_WARN_COMMA = YES;
				CLANG_WARN_CONSTANT_CONVERSION = YES;
				CLANG_WARN_DIRECT_OBJC_ISA_USAGE = YES_ERROR;
				CLANG_WARN_EMPTY_BODY = YES;
				CLANG_WARN_ENUM_CONVERSION = YES;
				CLANG_WARN_INFINITE_RECURSION = YES;
				CLANG_WARN_INT_CONVERSION = YES;
				CLANG_WARN_NON_LITERAL_NULL_CONVERSION = YES;
				CLANG_WARN_OBJC_LITERAL_CONVERSION = YES;
				CLANG_WARN_OBJC_ROOT_CLASS = YES_ERROR;
				CLANG_WARN_RANGE_LOOP_ANALYSIS = YES;
				CLANG_WARN_STRICT_PROTOTYPES = YES;
				CLANG_WARN_SUSPICIOUS_MOVE = YES;
				CLANG_WARN_UNREACHABLE_CODE = YES;
				CLANG_WARN__DUPLICATE_METHOD_MATCH = YES;
				"CODE_SIGN_IDENTITY[sdk=iphoneos*]" = "iPhone Developer";
				COPY_PHASE_STRIP = NO;
				ENABLE_STRICT_OBJC_MSGSEND = YES;
				ENABLE_TESTABILITY = YES;
				GCC_C_LANGUAGE_STANDARD = gnu99;
				GCC_DYNAMIC_NO_PIC = NO;
				GCC_NO_COMMON_BLOCKS = YES;
				GCC_OPTIMIZATION_LEVEL = 0;
				GCC_PREPROCESSOR_DEFINITIONS = (
					"DEBUG=1",
					"$(inherited)",
				);
				GCC_SYMBOLS_PRIVATE_EXTERN = NO;
				GCC_WARN_64_TO_32_BIT_CONVERSION = YES;
				GCC_WARN_ABOUT_RETURN_TYPE = YES_ERROR;
				GCC_WARN_UNDECLARED_SELECTOR = YES;
				GCC_WARN_UNINITIALIZED_AUTOS = YES_AGGRESSIVE;
				GCC_WARN_UNUSED_FUNCTION = YES;
				GCC_WARN_UNUSED_VARIABLE = YES;
				INFOPLIST_FILE = "DreamNotes-Info.plist";
				IPHONEOS_DEPLOYMENT_TARGET = 8.0;
				MTL_ENABLE_DEBUG_INFO = YES;
				ONLY_ACTIVE_ARCH = YES;
				SDKROOT = iphoneos;
				SWIFT_OPTIMIZATION_LEVEL = "-Onone";
				SWIFT_VERSION = 4.0;
			};
			name = Debug;
		};
		CC8BBA9E19DCBB7900C6156D /* Release */ = {
			isa = XCBuildConfiguration;
			buildSettings = {
				ALWAYS_SEARCH_USER_PATHS = NO;
				CLANG_ANALYZER_LOCALIZABILITY_NONLOCALIZED = YES;
				CLANG_CXX_LANGUAGE_STANDARD = "gnu++0x";
				CLANG_CXX_LIBRARY = "libc++";
				CLANG_ENABLE_MODULES = YES;
				CLANG_ENABLE_OBJC_ARC = YES;
				CLANG_WARN_BLOCK_CAPTURE_AUTORELEASING = YES;
				CLANG_WARN_BOOL_CONVERSION = YES;
				CLANG_WARN_COMMA = YES;
				CLANG_WARN_CONSTANT_CONVERSION = YES;
				CLANG_WARN_DIRECT_OBJC_ISA_USAGE = YES_ERROR;
				CLANG_WARN_EMPTY_BODY = YES;
				CLANG_WARN_ENUM_CONVERSION = YES;
				CLANG_WARN_INFINITE_RECURSION = YES;
				CLANG_WARN_INT_CONVERSION = YES;
				CLANG_WARN_NON_LITERAL_NULL_CONVERSION = YES;
				CLANG_WARN_OBJC_LITERAL_CONVERSION = YES;
				CLANG_WARN_OBJC_ROOT_CLASS = YES_ERROR;
				CLANG_WARN_RANGE_LOOP_ANALYSIS = YES;
				CLANG_WARN_STRICT_PROTOTYPES = YES;
				CLANG_WARN_SUSPICIOUS_MOVE = YES;
				CLANG_WARN_UNREACHABLE_CODE = YES;
				CLANG_WARN__DUPLICATE_METHOD_MATCH = YES;
				"CODE_SIGN_IDENTITY[sdk=iphoneos*]" = "iPhone Developer";
				COPY_PHASE_STRIP = YES;
				ENABLE_NS_ASSERTIONS = NO;
				ENABLE_STRICT_OBJC_MSGSEND = YES;
				GCC_C_LANGUAGE_STANDARD = gnu99;
				GCC_NO_COMMON_BLOCKS = YES;
				GCC_WARN_64_TO_32_BIT_CONVERSION = YES;
				GCC_WARN_ABOUT_RETURN_TYPE = YES_ERROR;
				GCC_WARN_UNDECLARED_SELECTOR = YES;
				GCC_WARN_UNINITIALIZED_AUTOS = YES_AGGRESSIVE;
				GCC_WARN_UNUSED_FUNCTION = YES;
				GCC_WARN_UNUSED_VARIABLE = YES;
				INFOPLIST_FILE = "DreamNotes-Info.plist";
				IPHONEOS_DEPLOYMENT_TARGET = 8.0;
				MTL_ENABLE_DEBUG_INFO = NO;
				SDKROOT = iphoneos;
				SWIFT_OPTIMIZATION_LEVEL = "-Owholemodule";
				SWIFT_VERSION = 4.0;
				VALIDATE_PRODUCT = YES;
			};
			name = Release;
		};
		CC8BBAA019DCBB7900C6156D /* Debug */ = {
			isa = XCBuildConfiguration;
			buildSettings = {
				ASSETCATALOG_COMPILER_APPICON_NAME = AppIcon;
				ASSETCATALOG_COMPILER_LAUNCHIMAGE_NAME = LaunchImage;
				CODE_SIGN_ENTITLEMENTS = DreamNotes/DreamNotes.entitlements;
				CODE_SIGN_IDENTITY = "iPhone Developer";
				"CODE_SIGN_IDENTITY[sdk=iphoneos*]" = "iPhone Developer";
				DEVELOPMENT_TEAM = U3R74ZQVJS;
				FRAMEWORK_SEARCH_PATHS = "";
				GCC_PREPROCESSOR_DEFINITIONS = "";
				INFOPLIST_FILE = DreamNotes/Info.plist;
				IPHONEOS_DEPLOYMENT_TARGET = 11.2;
				LD_RUNPATH_SEARCH_PATHS = "$(inherited) @executable_path/Frameworks";
				OTHER_SWIFT_FLAGS = "";
				PRODUCT_BUNDLE_IDENTIFIER = "br.com.BazaInc.$(PRODUCT_NAME:rfc1034identifier)";
				PRODUCT_NAME = "$(TARGET_NAME)";
				PROVISIONING_PROFILE = "";
				SWIFT_OBJC_BRIDGING_HEADER = "";
				SWIFT_SWIFT3_OBJC_INFERENCE = On;
				SWIFT_VERSION = 4.0;
				TARGETED_DEVICE_FAMILY = "1,2";
			};
			name = Debug;
		};
		CC8BBAA119DCBB7900C6156D /* Release */ = {
			isa = XCBuildConfiguration;
			buildSettings = {
				ASSETCATALOG_COMPILER_APPICON_NAME = AppIcon;
				ASSETCATALOG_COMPILER_LAUNCHIMAGE_NAME = LaunchImage;
				CODE_SIGN_ENTITLEMENTS = DreamNotes/DreamNotes.entitlements;
				CODE_SIGN_IDENTITY = "iPhone Developer";
				"CODE_SIGN_IDENTITY[sdk=iphoneos*]" = "iPhone Developer";
				DEVELOPMENT_TEAM = U3R74ZQVJS;
				FRAMEWORK_SEARCH_PATHS = "";
				GCC_PREPROCESSOR_DEFINITIONS = "";
				INFOPLIST_FILE = DreamNotes/Info.plist;
				IPHONEOS_DEPLOYMENT_TARGET = 11.2;
				LD_RUNPATH_SEARCH_PATHS = "$(inherited) @executable_path/Frameworks";
				OTHER_SWIFT_FLAGS = "";
				PRODUCT_BUNDLE_IDENTIFIER = "br.com.BazaInc.$(PRODUCT_NAME:rfc1034identifier)";
				PRODUCT_NAME = "$(TARGET_NAME)";
				PROVISIONING_PROFILE = "";
				SWIFT_OBJC_BRIDGING_HEADER = "";
				SWIFT_SWIFT3_OBJC_INFERENCE = On;
				SWIFT_VERSION = 4.0;
				TARGETED_DEVICE_FAMILY = "1,2";
			};
			name = Release;
		};
/* End XCBuildConfiguration section */

/* Begin XCConfigurationList section */
		816BB848202A7BE100259E01 /* Build configuration list for PBXNativeTarget "Sleep Tracker Extension" */ = {
			isa = XCConfigurationList;
			buildConfigurations = (
				816BB849202A7BE100259E01 /* Debug */,
				816BB84A202A7BE100259E01 /* Release */,
			);
			defaultConfigurationIsVisible = 0;
			defaultConfigurationName = Release;
		};
		816BB84C202A7BE100259E01 /* Build configuration list for PBXNativeTarget "Sleep Tracker" */ = {
			isa = XCConfigurationList;
			buildConfigurations = (
				816BB84D202A7BE100259E01 /* Debug */,
				816BB84E202A7BE100259E01 /* Release */,
			);
			defaultConfigurationIsVisible = 0;
			defaultConfigurationName = Release;
		};
		CC8BBA7819DCBB7900C6156D /* Build configuration list for PBXProject "DreamNotes" */ = {
			isa = XCConfigurationList;
			buildConfigurations = (
				CC8BBA9D19DCBB7900C6156D /* Debug */,
				CC8BBA9E19DCBB7900C6156D /* Release */,
			);
			defaultConfigurationIsVisible = 0;
			defaultConfigurationName = Release;
		};
		CC8BBA9F19DCBB7900C6156D /* Build configuration list for PBXNativeTarget "DreamNotes" */ = {
			isa = XCConfigurationList;
			buildConfigurations = (
				CC8BBAA019DCBB7900C6156D /* Debug */,
				CC8BBAA119DCBB7900C6156D /* Release */,
			);
			defaultConfigurationIsVisible = 0;
			defaultConfigurationName = Release;
		};
/* End XCConfigurationList section */

/* Begin XCVersionGroup section */
		CC8BBA8419DCBB7900C6156D /* DreamNotes.xcdatamodeld */ = {
			isa = XCVersionGroup;
			children = (
				CC8BBA8519DCBB7900C6156D /* DreamNotes.xcdatamodel */,
			);
			currentVersion = CC8BBA8519DCBB7900C6156D /* DreamNotes.xcdatamodel */;
			path = DreamNotes.xcdatamodeld;
			sourceTree = "<group>";
			versionGroupType = wrapper.xcdatamodel;
		};
/* End XCVersionGroup section */
	};
	rootObject = CC8BBA7519DCBB7900C6156D /* Project object */;
}
